// !$*UTF8*$!
{
	archiveVersion = 1;
	classes = {
	};
	objectVersion = 56;
	objects = {

/* Begin PBXBuildFile section */
		220A5B402B9AAC360029D018 /* HomeCoodinator.swift in Sources */ = {isa = PBXBuildFile; fileRef = 220A5B3F2B9AAC360029D018 /* HomeCoodinator.swift */; };
		220A5B422B9AB00B0029D018 /* SecondViewController.swift in Sources */ = {isa = PBXBuildFile; fileRef = 220A5B412B9AB00B0029D018 /* SecondViewController.swift */; };
		220A5B442B9AB1290029D018 /* SecondViewCoodinator.swift in Sources */ = {isa = PBXBuildFile; fileRef = 220A5B432B9AB1290029D018 /* SecondViewCoodinator.swift */; };
		220A5B472B9AD3530029D018 /* Swinject in Frameworks */ = {isa = PBXBuildFile; productRef = 220A5B462B9AD3530029D018 /* Swinject */; };
		220A5B4A2B9AD5B00029D018 /* DependencyInjector.swift in Sources */ = {isa = PBXBuildFile; fileRef = 220A5B492B9AD5B00029D018 /* DependencyInjector.swift */; };
		220A5B4C2B9ADB730029D018 /* HomeAssembly.swift in Sources */ = {isa = PBXBuildFile; fileRef = 220A5B4B2B9ADB730029D018 /* HomeAssembly.swift */; };
		220A5B4F2B9AE1DD0029D018 /* AppCoordinator.swift in Sources */ = {isa = PBXBuildFile; fileRef = 220A5B4E2B9AE1DD0029D018 /* AppCoordinator.swift */; };
		220A5B512B9AE1E70029D018 /* TabBarCoordinator.swift in Sources */ = {isa = PBXBuildFile; fileRef = 220A5B502B9AE1E70029D018 /* TabBarCoordinator.swift */; };
		220A5B542B9AE40A0029D018 /* Coordinator.swift in Sources */ = {isa = PBXBuildFile; fileRef = 220A5B532B9AE40A0029D018 /* Coordinator.swift */; };
		22DD3B222B6F8708004C6768 /* AppDelegate.swift in Sources */ = {isa = PBXBuildFile; fileRef = 22DD3B212B6F8708004C6768 /* AppDelegate.swift */; };
		22DD3B242B6F8708004C6768 /* SceneDelegate.swift in Sources */ = {isa = PBXBuildFile; fileRef = 22DD3B232B6F8708004C6768 /* SceneDelegate.swift */; };
		22DD3B262B6F8708004C6768 /* ViewController.swift in Sources */ = {isa = PBXBuildFile; fileRef = 22DD3B252B6F8708004C6768 /* ViewController.swift */; };
		22DD3B2B2B6F8709004C6768 /* Assets.xcassets in Resources */ = {isa = PBXBuildFile; fileRef = 22DD3B2A2B6F8709004C6768 /* Assets.xcassets */; };
		22DD3B2E2B6F8709004C6768 /* LaunchScreen.storyboard in Resources */ = {isa = PBXBuildFile; fileRef = 22DD3B2C2B6F8709004C6768 /* LaunchScreen.storyboard */; };
		22DD3B392B6F8709004C6768 /* ReactorKit_practiceTests.swift in Sources */ = {isa = PBXBuildFile; fileRef = 22DD3B382B6F8709004C6768 /* ReactorKit_practiceTests.swift */; };
		22DD3B432B6F8709004C6768 /* ReactorKit_practiceUITests.swift in Sources */ = {isa = PBXBuildFile; fileRef = 22DD3B422B6F8709004C6768 /* ReactorKit_practiceUITests.swift */; };
		22DD3B452B6F8709004C6768 /* ReactorKit_practiceUITestsLaunchTests.swift in Sources */ = {isa = PBXBuildFile; fileRef = 22DD3B442B6F8709004C6768 /* ReactorKit_practiceUITestsLaunchTests.swift */; };
		22DD3B532B6F8879004C6768 /* ReactorKit in Frameworks */ = {isa = PBXBuildFile; productRef = 22DD3B522B6F8879004C6768 /* ReactorKit */; };
		22DD3B552B6F8D2B004C6768 /* ViewReactor.swift in Sources */ = {isa = PBXBuildFile; fileRef = 22DD3B542B6F8D2B004C6768 /* ViewReactor.swift */; };
		22DD3B582B6F8FE3004C6768 /* RxBlocking in Frameworks */ = {isa = PBXBuildFile; productRef = 22DD3B572B6F8FE3004C6768 /* RxBlocking */; };
		22DD3B5A2B6F8FE3004C6768 /* RxCocoa in Frameworks */ = {isa = PBXBuildFile; productRef = 22DD3B592B6F8FE3004C6768 /* RxCocoa */; };
		22DD3B5C2B6F8FE3004C6768 /* RxRelay in Frameworks */ = {isa = PBXBuildFile; productRef = 22DD3B5B2B6F8FE3004C6768 /* RxRelay */; };
		22DD3B5E2B6F8FE3004C6768 /* RxSwift in Frameworks */ = {isa = PBXBuildFile; productRef = 22DD3B5D2B6F8FE3004C6768 /* RxSwift */; };
		22F3EDDD2B9EA7F800A05A7F /* SecondViewModel.swift in Sources */ = {isa = PBXBuildFile; fileRef = 22F3EDDC2B9EA7F800A05A7F /* SecondViewModel.swift */; };
		22F3EDE32B9EB0B600A05A7F /* HomeTabAssembly.swift in Sources */ = {isa = PBXBuildFile; fileRef = 22F3EDE22B9EB0B600A05A7F /* HomeTabAssembly.swift */; };
		22F3EDE82B9EDD5200A05A7F /* SearchViewController.swift in Sources */ = {isa = PBXBuildFile; fileRef = 22F3EDE72B9EDD5200A05A7F /* SearchViewController.swift */; };
		22F3EDEA2B9EDD5B00A05A7F /* SearchCoordinator.swift in Sources */ = {isa = PBXBuildFile; fileRef = 22F3EDE92B9EDD5B00A05A7F /* SearchCoordinator.swift */; };
		22F3EDEC2B9EDD6300A05A7F /* SearchViewReactor.swift in Sources */ = {isa = PBXBuildFile; fileRef = 22F3EDEB2B9EDD6300A05A7F /* SearchViewReactor.swift */; };
		22F3EDEF2B9EE61500A05A7F /* SearchAssembly.swift in Sources */ = {isa = PBXBuildFile; fileRef = 22F3EDEE2B9EE61500A05A7F /* SearchAssembly.swift */; };
		22F3EDF42B9EEF5300A05A7F /* LoginViewController.swift in Sources */ = {isa = PBXBuildFile; fileRef = 22F3EDF32B9EEF5300A05A7F /* LoginViewController.swift */; };
		22F3EDF62B9EEF9600A05A7F /* LoginViewReactor.swift in Sources */ = {isa = PBXBuildFile; fileRef = 22F3EDF52B9EEF9600A05A7F /* LoginViewReactor.swift */; };
		22F3EDF92B9EF03D00A05A7F /* LoginAssembly.swift in Sources */ = {isa = PBXBuildFile; fileRef = 22F3EDF82B9EF03D00A05A7F /* LoginAssembly.swift */; };
		22F3EDFB2B9EF1CB00A05A7F /* LoginCoordinator.swift in Sources */ = {isa = PBXBuildFile; fileRef = 22F3EDFA2B9EF1CB00A05A7F /* LoginCoordinator.swift */; };
		22F4A2C92BABCE82006C78F0 /* ThirdViewController.swift in Sources */ = {isa = PBXBuildFile; fileRef = 22F4A2C82BABCE82006C78F0 /* ThirdViewController.swift */; };
		22F4A2CB2BABCFE4006C78F0 /* ThirdViewModel.swift in Sources */ = {isa = PBXBuildFile; fileRef = 22F4A2CA2BABCFE4006C78F0 /* ThirdViewModel.swift */; };
/* End PBXBuildFile section */

/* Begin PBXContainerItemProxy section */
		22DD3B352B6F8709004C6768 /* PBXContainerItemProxy */ = {
			isa = PBXContainerItemProxy;
			containerPortal = 22DD3B162B6F8708004C6768 /* Project object */;
			proxyType = 1;
			remoteGlobalIDString = 22DD3B1D2B6F8708004C6768;
			remoteInfo = "ReactorKit-practice";
		};
		22DD3B3F2B6F8709004C6768 /* PBXContainerItemProxy */ = {
			isa = PBXContainerItemProxy;
			containerPortal = 22DD3B162B6F8708004C6768 /* Project object */;
			proxyType = 1;
			remoteGlobalIDString = 22DD3B1D2B6F8708004C6768;
			remoteInfo = "ReactorKit-practice";
		};
/* End PBXContainerItemProxy section */

/* Begin PBXFileReference section */
		220A5B3F2B9AAC360029D018 /* HomeCoodinator.swift */ = {isa = PBXFileReference; lastKnownFileType = sourcecode.swift; path = HomeCoodinator.swift; sourceTree = "<group>"; };
		220A5B412B9AB00B0029D018 /* SecondViewController.swift */ = {isa = PBXFileReference; lastKnownFileType = sourcecode.swift; path = SecondViewController.swift; sourceTree = "<group>"; };
		220A5B432B9AB1290029D018 /* SecondViewCoodinator.swift */ = {isa = PBXFileReference; lastKnownFileType = sourcecode.swift; path = SecondViewCoodinator.swift; sourceTree = "<group>"; };
		220A5B492B9AD5B00029D018 /* DependencyInjector.swift */ = {isa = PBXFileReference; lastKnownFileType = sourcecode.swift; path = DependencyInjector.swift; sourceTree = "<group>"; };
		220A5B4B2B9ADB730029D018 /* HomeAssembly.swift */ = {isa = PBXFileReference; lastKnownFileType = sourcecode.swift; path = HomeAssembly.swift; sourceTree = "<group>"; };
		220A5B4E2B9AE1DD0029D018 /* AppCoordinator.swift */ = {isa = PBXFileReference; lastKnownFileType = sourcecode.swift; path = AppCoordinator.swift; sourceTree = "<group>"; };
		220A5B502B9AE1E70029D018 /* TabBarCoordinator.swift */ = {isa = PBXFileReference; lastKnownFileType = sourcecode.swift; path = TabBarCoordinator.swift; sourceTree = "<group>"; };
		220A5B532B9AE40A0029D018 /* Coordinator.swift */ = {isa = PBXFileReference; lastKnownFileType = sourcecode.swift; path = Coordinator.swift; sourceTree = "<group>"; };
		22DD3B1E2B6F8708004C6768 /* ReactorKit-practice.app */ = {isa = PBXFileReference; explicitFileType = wrapper.application; includeInIndex = 0; path = "ReactorKit-practice.app"; sourceTree = BUILT_PRODUCTS_DIR; };
		22DD3B212B6F8708004C6768 /* AppDelegate.swift */ = {isa = PBXFileReference; lastKnownFileType = sourcecode.swift; path = AppDelegate.swift; sourceTree = "<group>"; };
		22DD3B232B6F8708004C6768 /* SceneDelegate.swift */ = {isa = PBXFileReference; lastKnownFileType = sourcecode.swift; path = SceneDelegate.swift; sourceTree = "<group>"; };
		22DD3B252B6F8708004C6768 /* ViewController.swift */ = {isa = PBXFileReference; lastKnownFileType = sourcecode.swift; path = ViewController.swift; sourceTree = "<group>"; };
		22DD3B2A2B6F8709004C6768 /* Assets.xcassets */ = {isa = PBXFileReference; lastKnownFileType = folder.assetcatalog; path = Assets.xcassets; sourceTree = "<group>"; };
		22DD3B2D2B6F8709004C6768 /* Base */ = {isa = PBXFileReference; lastKnownFileType = file.storyboard; name = Base; path = Base.lproj/LaunchScreen.storyboard; sourceTree = "<group>"; };
		22DD3B2F2B6F8709004C6768 /* Info.plist */ = {isa = PBXFileReference; lastKnownFileType = text.plist.xml; path = Info.plist; sourceTree = "<group>"; };
		22DD3B342B6F8709004C6768 /* ReactorKit-practiceTests.xctest */ = {isa = PBXFileReference; explicitFileType = wrapper.cfbundle; includeInIndex = 0; path = "ReactorKit-practiceTests.xctest"; sourceTree = BUILT_PRODUCTS_DIR; };
		22DD3B382B6F8709004C6768 /* ReactorKit_practiceTests.swift */ = {isa = PBXFileReference; lastKnownFileType = sourcecode.swift; path = ReactorKit_practiceTests.swift; sourceTree = "<group>"; };
		22DD3B3E2B6F8709004C6768 /* ReactorKit-practiceUITests.xctest */ = {isa = PBXFileReference; explicitFileType = wrapper.cfbundle; includeInIndex = 0; path = "ReactorKit-practiceUITests.xctest"; sourceTree = BUILT_PRODUCTS_DIR; };
		22DD3B422B6F8709004C6768 /* ReactorKit_practiceUITests.swift */ = {isa = PBXFileReference; lastKnownFileType = sourcecode.swift; path = ReactorKit_practiceUITests.swift; sourceTree = "<group>"; };
		22DD3B442B6F8709004C6768 /* ReactorKit_practiceUITestsLaunchTests.swift */ = {isa = PBXFileReference; lastKnownFileType = sourcecode.swift; path = ReactorKit_practiceUITestsLaunchTests.swift; sourceTree = "<group>"; };
		22DD3B542B6F8D2B004C6768 /* ViewReactor.swift */ = {isa = PBXFileReference; lastKnownFileType = sourcecode.swift; path = ViewReactor.swift; sourceTree = "<group>"; };
		22F3EDDC2B9EA7F800A05A7F /* SecondViewModel.swift */ = {isa = PBXFileReference; lastKnownFileType = sourcecode.swift; path = SecondViewModel.swift; sourceTree = "<group>"; };
		22F3EDE22B9EB0B600A05A7F /* HomeTabAssembly.swift */ = {isa = PBXFileReference; lastKnownFileType = sourcecode.swift; path = HomeTabAssembly.swift; sourceTree = "<group>"; };
		22F3EDE72B9EDD5200A05A7F /* SearchViewController.swift */ = {isa = PBXFileReference; lastKnownFileType = sourcecode.swift; path = SearchViewController.swift; sourceTree = "<group>"; };
		22F3EDE92B9EDD5B00A05A7F /* SearchCoordinator.swift */ = {isa = PBXFileReference; lastKnownFileType = sourcecode.swift; path = SearchCoordinator.swift; sourceTree = "<group>"; };
		22F3EDEB2B9EDD6300A05A7F /* SearchViewReactor.swift */ = {isa = PBXFileReference; lastKnownFileType = sourcecode.swift; path = SearchViewReactor.swift; sourceTree = "<group>"; };
		22F3EDEE2B9EE61500A05A7F /* SearchAssembly.swift */ = {isa = PBXFileReference; lastKnownFileType = sourcecode.swift; path = SearchAssembly.swift; sourceTree = "<group>"; };
		22F3EDF32B9EEF5300A05A7F /* LoginViewController.swift */ = {isa = PBXFileReference; lastKnownFileType = sourcecode.swift; path = LoginViewController.swift; sourceTree = "<group>"; };
		22F3EDF52B9EEF9600A05A7F /* LoginViewReactor.swift */ = {isa = PBXFileReference; lastKnownFileType = sourcecode.swift; path = LoginViewReactor.swift; sourceTree = "<group>"; };
		22F3EDF82B9EF03D00A05A7F /* LoginAssembly.swift */ = {isa = PBXFileReference; lastKnownFileType = sourcecode.swift; path = LoginAssembly.swift; sourceTree = "<group>"; };
		22F3EDFA2B9EF1CB00A05A7F /* LoginCoordinator.swift */ = {isa = PBXFileReference; lastKnownFileType = sourcecode.swift; path = LoginCoordinator.swift; sourceTree = "<group>"; };
		22F4A2C82BABCE82006C78F0 /* ThirdViewController.swift */ = {isa = PBXFileReference; lastKnownFileType = sourcecode.swift; path = ThirdViewController.swift; sourceTree = "<group>"; };
		22F4A2CA2BABCFE4006C78F0 /* ThirdViewModel.swift */ = {isa = PBXFileReference; lastKnownFileType = sourcecode.swift; path = ThirdViewModel.swift; sourceTree = "<group>"; };
/* End PBXFileReference section */

/* Begin PBXFrameworksBuildPhase section */
		22DD3B1B2B6F8708004C6768 /* Frameworks */ = {
			isa = PBXFrameworksBuildPhase;
			buildActionMask = 2147483647;
			files = (
				22DD3B5A2B6F8FE3004C6768 /* RxCocoa in Frameworks */,
				22DD3B532B6F8879004C6768 /* ReactorKit in Frameworks */,
				22DD3B5E2B6F8FE3004C6768 /* RxSwift in Frameworks */,
				22DD3B5C2B6F8FE3004C6768 /* RxRelay in Frameworks */,
				22DD3B582B6F8FE3004C6768 /* RxBlocking in Frameworks */,
				220A5B472B9AD3530029D018 /* Swinject in Frameworks */,
			);
			runOnlyForDeploymentPostprocessing = 0;
		};
		22DD3B312B6F8709004C6768 /* Frameworks */ = {
			isa = PBXFrameworksBuildPhase;
			buildActionMask = 2147483647;
			files = (
			);
			runOnlyForDeploymentPostprocessing = 0;
		};
		22DD3B3B2B6F8709004C6768 /* Frameworks */ = {
			isa = PBXFrameworksBuildPhase;
			buildActionMask = 2147483647;
			files = (
			);
			runOnlyForDeploymentPostprocessing = 0;
		};
/* End PBXFrameworksBuildPhase section */

/* Begin PBXGroup section */
		220A5B3E2B9AAC190029D018 /* App */ = {
			isa = PBXGroup;
			children = (
				220A5B4D2B9AE1CA0029D018 /* Coordinator */,
				220A5B482B9AD5980029D018 /* DI */,
				22DD3B212B6F8708004C6768 /* AppDelegate.swift */,
				22DD3B232B6F8708004C6768 /* SceneDelegate.swift */,
			);
			path = App;
			sourceTree = "<group>";
		};
		220A5B482B9AD5980029D018 /* DI */ = {
			isa = PBXGroup;
			children = (
				22F3EDF72B9EF02C00A05A7F /* Auth */,
				22F3EDE02B9EAF7600A05A7F /* Home */,
				22F3EDED2B9EE5FE00A05A7F /* Search */,
				220A5B492B9AD5B00029D018 /* DependencyInjector.swift */,
			);
			path = DI;
			sourceTree = "<group>";
		};
		220A5B4D2B9AE1CA0029D018 /* Coordinator */ = {
			isa = PBXGroup;
			children = (
				220A5B522B9AE3F80029D018 /* Base */,
				220A5B4E2B9AE1DD0029D018 /* AppCoordinator.swift */,
				220A5B502B9AE1E70029D018 /* TabBarCoordinator.swift */,
			);
			path = Coordinator;
			sourceTree = "<group>";
		};
		220A5B522B9AE3F80029D018 /* Base */ = {
			isa = PBXGroup;
			children = (
				220A5B532B9AE40A0029D018 /* Coordinator.swift */,
			);
			path = Base;
			sourceTree = "<group>";
		};
		22DD3B152B6F8708004C6768 = {
			isa = PBXGroup;
			children = (
				22DD3B202B6F8708004C6768 /* ReactorKit-practice */,
				22DD3B372B6F8709004C6768 /* ReactorKit-practiceTests */,
				22DD3B412B6F8709004C6768 /* ReactorKit-practiceUITests */,
				22DD3B1F2B6F8708004C6768 /* Products */,
			);
			sourceTree = "<group>";
		};
		22DD3B1F2B6F8708004C6768 /* Products */ = {
			isa = PBXGroup;
			children = (
				22DD3B1E2B6F8708004C6768 /* ReactorKit-practice.app */,
				22DD3B342B6F8709004C6768 /* ReactorKit-practiceTests.xctest */,
				22DD3B3E2B6F8709004C6768 /* ReactorKit-practiceUITests.xctest */,
			);
			name = Products;
			sourceTree = "<group>";
		};
		22DD3B202B6F8708004C6768 /* ReactorKit-practice */ = {
			isa = PBXGroup;
			children = (
				220A5B3E2B9AAC190029D018 /* App */,
				22F3EDF02B9EEAC200A05A7F /* Common */,
				22F3EDE42B9EDC1E00A05A7F /* Presentation */,
				22DD3B2F2B6F8709004C6768 /* Info.plist */,
			);
			path = "ReactorKit-practice";
			sourceTree = "<group>";
		};
		22DD3B372B6F8709004C6768 /* ReactorKit-practiceTests */ = {
			isa = PBXGroup;
			children = (
				22DD3B382B6F8709004C6768 /* ReactorKit_practiceTests.swift */,
			);
			path = "ReactorKit-practiceTests";
			sourceTree = "<group>";
		};
		22DD3B412B6F8709004C6768 /* ReactorKit-practiceUITests */ = {
			isa = PBXGroup;
			children = (
				22DD3B422B6F8709004C6768 /* ReactorKit_practiceUITests.swift */,
				22DD3B442B6F8709004C6768 /* ReactorKit_practiceUITestsLaunchTests.swift */,
			);
			path = "ReactorKit-practiceUITests";
			sourceTree = "<group>";
		};
		22DD3B5F2B6F9769004C6768 /* Home */ = {
			isa = PBXGroup;
			children = (
				220A5B3F2B9AAC360029D018 /* HomeCoodinator.swift */,
				22DD3B252B6F8708004C6768 /* ViewController.swift */,
				22DD3B542B6F8D2B004C6768 /* ViewReactor.swift */,
				220A5B412B9AB00B0029D018 /* SecondViewController.swift */,
				22F3EDDC2B9EA7F800A05A7F /* SecondViewModel.swift */,
				220A5B432B9AB1290029D018 /* SecondViewCoodinator.swift */,
				22F4A2C82BABCE82006C78F0 /* ThirdViewController.swift */,
				22F4A2CA2BABCFE4006C78F0 /* ThirdViewModel.swift */,
			);
			path = Home;
			sourceTree = "<group>";
		};
		22F3EDE02B9EAF7600A05A7F /* Home */ = {
			isa = PBXGroup;
			children = (
				22F3EDE22B9EB0B600A05A7F /* HomeTabAssembly.swift */,
				220A5B4B2B9ADB730029D018 /* HomeAssembly.swift */,
			);
			path = Home;
			sourceTree = "<group>";
		};
		22F3EDE42B9EDC1E00A05A7F /* Presentation */ = {
			isa = PBXGroup;
			children = (
				22F3EDF22B9EEF4100A05A7F /* Auth */,
				22DD3B5F2B6F9769004C6768 /* Home */,
				22F3EDE62B9EDC4300A05A7F /* Search */,
			);
			path = Presentation;
			sourceTree = "<group>";
		};
		22F3EDE62B9EDC4300A05A7F /* Search */ = {
			isa = PBXGroup;
			children = (
				22F3EDE72B9EDD5200A05A7F /* SearchViewController.swift */,
				22F3EDE92B9EDD5B00A05A7F /* SearchCoordinator.swift */,
				22F3EDEB2B9EDD6300A05A7F /* SearchViewReactor.swift */,
			);
			path = Search;
			sourceTree = "<group>";
		};
		22F3EDED2B9EE5FE00A05A7F /* Search */ = {
			isa = PBXGroup;
			children = (
				22F3EDEE2B9EE61500A05A7F /* SearchAssembly.swift */,
			);
			path = Search;
			sourceTree = "<group>";
		};
		22F3EDF02B9EEAC200A05A7F /* Common */ = {
			isa = PBXGroup;
			children = (
				22F3EDF12B9EEAC900A05A7F /* Resource */,
			);
			path = Common;
			sourceTree = "<group>";
		};
		22F3EDF12B9EEAC900A05A7F /* Resource */ = {
			isa = PBXGroup;
			children = (
				22DD3B2A2B6F8709004C6768 /* Assets.xcassets */,
				22DD3B2C2B6F8709004C6768 /* LaunchScreen.storyboard */,
			);
			path = Resource;
			sourceTree = "<group>";
		};
		22F3EDF22B9EEF4100A05A7F /* Auth */ = {
			isa = PBXGroup;
			children = (
				22F3EDF32B9EEF5300A05A7F /* LoginViewController.swift */,
				22F3EDF52B9EEF9600A05A7F /* LoginViewReactor.swift */,
				22F3EDFA2B9EF1CB00A05A7F /* LoginCoordinator.swift */,
			);
			path = Auth;
			sourceTree = "<group>";
		};
		22F3EDF72B9EF02C00A05A7F /* Auth */ = {
			isa = PBXGroup;
			children = (
				22F3EDF82B9EF03D00A05A7F /* LoginAssembly.swift */,
			);
			path = Auth;
			sourceTree = "<group>";
		};
/* End PBXGroup section */

/* Begin PBXNativeTarget section */
		22DD3B1D2B6F8708004C6768 /* ReactorKit-practice */ = {
			isa = PBXNativeTarget;
			buildConfigurationList = 22DD3B482B6F8709004C6768 /* Build configuration list for PBXNativeTarget "ReactorKit-practice" */;
			buildPhases = (
				22DD3B1A2B6F8708004C6768 /* Sources */,
				22DD3B1B2B6F8708004C6768 /* Frameworks */,
				22DD3B1C2B6F8708004C6768 /* Resources */,
			);
			buildRules = (
			);
			dependencies = (
			);
			name = "ReactorKit-practice";
			packageProductDependencies = (
				22DD3B522B6F8879004C6768 /* ReactorKit */,
				22DD3B572B6F8FE3004C6768 /* RxBlocking */,
				22DD3B592B6F8FE3004C6768 /* RxCocoa */,
				22DD3B5B2B6F8FE3004C6768 /* RxRelay */,
				22DD3B5D2B6F8FE3004C6768 /* RxSwift */,
				220A5B462B9AD3530029D018 /* Swinject */,
			);
			productName = "ReactorKit-practice";
			productReference = 22DD3B1E2B6F8708004C6768 /* ReactorKit-practice.app */;
			productType = "com.apple.product-type.application";
		};
		22DD3B332B6F8709004C6768 /* ReactorKit-practiceTests */ = {
			isa = PBXNativeTarget;
			buildConfigurationList = 22DD3B4B2B6F8709004C6768 /* Build configuration list for PBXNativeTarget "ReactorKit-practiceTests" */;
			buildPhases = (
				22DD3B302B6F8709004C6768 /* Sources */,
				22DD3B312B6F8709004C6768 /* Frameworks */,
				22DD3B322B6F8709004C6768 /* Resources */,
			);
			buildRules = (
			);
			dependencies = (
				22DD3B362B6F8709004C6768 /* PBXTargetDependency */,
			);
			name = "ReactorKit-practiceTests";
			productName = "ReactorKit-practiceTests";
			productReference = 22DD3B342B6F8709004C6768 /* ReactorKit-practiceTests.xctest */;
			productType = "com.apple.product-type.bundle.unit-test";
		};
		22DD3B3D2B6F8709004C6768 /* ReactorKit-practiceUITests */ = {
			isa = PBXNativeTarget;
			buildConfigurationList = 22DD3B4E2B6F8709004C6768 /* Build configuration list for PBXNativeTarget "ReactorKit-practiceUITests" */;
			buildPhases = (
				22DD3B3A2B6F8709004C6768 /* Sources */,
				22DD3B3B2B6F8709004C6768 /* Frameworks */,
				22DD3B3C2B6F8709004C6768 /* Resources */,
			);
			buildRules = (
			);
			dependencies = (
				22DD3B402B6F8709004C6768 /* PBXTargetDependency */,
			);
			name = "ReactorKit-practiceUITests";
			productName = "ReactorKit-practiceUITests";
			productReference = 22DD3B3E2B6F8709004C6768 /* ReactorKit-practiceUITests.xctest */;
			productType = "com.apple.product-type.bundle.ui-testing";
		};
/* End PBXNativeTarget section */

/* Begin PBXProject section */
		22DD3B162B6F8708004C6768 /* Project object */ = {
			isa = PBXProject;
			attributes = {
				BuildIndependentTargetsInParallel = 1;
				LastSwiftUpdateCheck = 1500;
				LastUpgradeCheck = 1500;
				TargetAttributes = {
					22DD3B1D2B6F8708004C6768 = {
						CreatedOnToolsVersion = 15.0.1;
					};
					22DD3B332B6F8709004C6768 = {
						CreatedOnToolsVersion = 15.0.1;
						TestTargetID = 22DD3B1D2B6F8708004C6768;
					};
					22DD3B3D2B6F8709004C6768 = {
						CreatedOnToolsVersion = 15.0.1;
						TestTargetID = 22DD3B1D2B6F8708004C6768;
					};
				};
			};
			buildConfigurationList = 22DD3B192B6F8708004C6768 /* Build configuration list for PBXProject "ReactorKit-practice" */;
			compatibilityVersion = "Xcode 14.0";
			developmentRegion = en;
			hasScannedForEncodings = 0;
			knownRegions = (
				en,
				Base,
			);
			mainGroup = 22DD3B152B6F8708004C6768;
			packageReferences = (
				22DD3B512B6F8879004C6768 /* XCRemoteSwiftPackageReference "ReactorKit" */,
				22DD3B562B6F8FE3004C6768 /* XCRemoteSwiftPackageReference "RxSwift" */,
				220A5B452B9AD3530029D018 /* XCRemoteSwiftPackageReference "Swinject" */,
			);
			productRefGroup = 22DD3B1F2B6F8708004C6768 /* Products */;
			projectDirPath = "";
			projectRoot = "";
			targets = (
				22DD3B1D2B6F8708004C6768 /* ReactorKit-practice */,
				22DD3B332B6F8709004C6768 /* ReactorKit-practiceTests */,
				22DD3B3D2B6F8709004C6768 /* ReactorKit-practiceUITests */,
			);
		};
/* End PBXProject section */

/* Begin PBXResourcesBuildPhase section */
		22DD3B1C2B6F8708004C6768 /* Resources */ = {
			isa = PBXResourcesBuildPhase;
			buildActionMask = 2147483647;
			files = (
				22DD3B2E2B6F8709004C6768 /* LaunchScreen.storyboard in Resources */,
				22DD3B2B2B6F8709004C6768 /* Assets.xcassets in Resources */,
			);
			runOnlyForDeploymentPostprocessing = 0;
		};
		22DD3B322B6F8709004C6768 /* Resources */ = {
			isa = PBXResourcesBuildPhase;
			buildActionMask = 2147483647;
			files = (
			);
			runOnlyForDeploymentPostprocessing = 0;
		};
		22DD3B3C2B6F8709004C6768 /* Resources */ = {
			isa = PBXResourcesBuildPhase;
			buildActionMask = 2147483647;
			files = (
			);
			runOnlyForDeploymentPostprocessing = 0;
		};
/* End PBXResourcesBuildPhase section */

/* Begin PBXSourcesBuildPhase section */
		22DD3B1A2B6F8708004C6768 /* Sources */ = {
			isa = PBXSourcesBuildPhase;
			buildActionMask = 2147483647;
			files = (
				220A5B4C2B9ADB730029D018 /* HomeAssembly.swift in Sources */,
				220A5B4A2B9AD5B00029D018 /* DependencyInjector.swift in Sources */,
				22F3EDE32B9EB0B600A05A7F /* HomeTabAssembly.swift in Sources */,
				220A5B4F2B9AE1DD0029D018 /* AppCoordinator.swift in Sources */,
				220A5B442B9AB1290029D018 /* SecondViewCoodinator.swift in Sources */,
				220A5B422B9AB00B0029D018 /* SecondViewController.swift in Sources */,
				22F4A2CB2BABCFE4006C78F0 /* ThirdViewModel.swift in Sources */,
				22F3EDEC2B9EDD6300A05A7F /* SearchViewReactor.swift in Sources */,
				22F3EDF62B9EEF9600A05A7F /* LoginViewReactor.swift in Sources */,
				22F3EDF42B9EEF5300A05A7F /* LoginViewController.swift in Sources */,
				22F3EDEF2B9EE61500A05A7F /* SearchAssembly.swift in Sources */,
				22DD3B262B6F8708004C6768 /* ViewController.swift in Sources */,
				22F3EDFB2B9EF1CB00A05A7F /* LoginCoordinator.swift in Sources */,
				22F3EDDD2B9EA7F800A05A7F /* SecondViewModel.swift in Sources */,
				22F4A2C92BABCE82006C78F0 /* ThirdViewController.swift in Sources */,
				220A5B512B9AE1E70029D018 /* TabBarCoordinator.swift in Sources */,
				22F3EDE82B9EDD5200A05A7F /* SearchViewController.swift in Sources */,
				220A5B402B9AAC360029D018 /* HomeCoodinator.swift in Sources */,
				220A5B542B9AE40A0029D018 /* Coordinator.swift in Sources */,
				22DD3B222B6F8708004C6768 /* AppDelegate.swift in Sources */,
				22DD3B242B6F8708004C6768 /* SceneDelegate.swift in Sources */,
				22F3EDEA2B9EDD5B00A05A7F /* SearchCoordinator.swift in Sources */,
				22DD3B552B6F8D2B004C6768 /* ViewReactor.swift in Sources */,
				22F3EDF92B9EF03D00A05A7F /* LoginAssembly.swift in Sources */,
			);
			runOnlyForDeploymentPostprocessing = 0;
		};
		22DD3B302B6F8709004C6768 /* Sources */ = {
			isa = PBXSourcesBuildPhase;
			buildActionMask = 2147483647;
			files = (
				22DD3B392B6F8709004C6768 /* ReactorKit_practiceTests.swift in Sources */,
			);
			runOnlyForDeploymentPostprocessing = 0;
		};
		22DD3B3A2B6F8709004C6768 /* Sources */ = {
			isa = PBXSourcesBuildPhase;
			buildActionMask = 2147483647;
			files = (
				22DD3B432B6F8709004C6768 /* ReactorKit_practiceUITests.swift in Sources */,
				22DD3B452B6F8709004C6768 /* ReactorKit_practiceUITestsLaunchTests.swift in Sources */,
			);
			runOnlyForDeploymentPostprocessing = 0;
		};
/* End PBXSourcesBuildPhase section */

/* Begin PBXTargetDependency section */
		22DD3B362B6F8709004C6768 /* PBXTargetDependency */ = {
			isa = PBXTargetDependency;
			target = 22DD3B1D2B6F8708004C6768 /* ReactorKit-practice */;
			targetProxy = 22DD3B352B6F8709004C6768 /* PBXContainerItemProxy */;
		};
		22DD3B402B6F8709004C6768 /* PBXTargetDependency */ = {
			isa = PBXTargetDependency;
			target = 22DD3B1D2B6F8708004C6768 /* ReactorKit-practice */;
			targetProxy = 22DD3B3F2B6F8709004C6768 /* PBXContainerItemProxy */;
		};
/* End PBXTargetDependency section */

/* Begin PBXVariantGroup section */
		22DD3B2C2B6F8709004C6768 /* LaunchScreen.storyboard */ = {
			isa = PBXVariantGroup;
			children = (
				22DD3B2D2B6F8709004C6768 /* Base */,
			);
			name = LaunchScreen.storyboard;
			sourceTree = "<group>";
		};
/* End PBXVariantGroup section */

/* Begin XCBuildConfiguration section */
		22DD3B462B6F8709004C6768 /* Debug */ = {
			isa = XCBuildConfiguration;
			buildSettings = {
				ALWAYS_SEARCH_USER_PATHS = NO;
				ASSETCATALOG_COMPILER_GENERATE_SWIFT_ASSET_SYMBOL_EXTENSIONS = YES;
				CLANG_ANALYZER_NONNULL = YES;
				CLANG_ANALYZER_NUMBER_OBJECT_CONVERSION = YES_AGGRESSIVE;
				CLANG_CXX_LANGUAGE_STANDARD = "gnu++20";
				CLANG_ENABLE_MODULES = YES;
				CLANG_ENABLE_OBJC_ARC = YES;
				CLANG_ENABLE_OBJC_WEAK = YES;
				CLANG_WARN_BLOCK_CAPTURE_AUTORELEASING = YES;
				CLANG_WARN_BOOL_CONVERSION = YES;
				CLANG_WARN_COMMA = YES;
				CLANG_WARN_CONSTANT_CONVERSION = YES;
				CLANG_WARN_DEPRECATED_OBJC_IMPLEMENTATIONS = YES;
				CLANG_WARN_DIRECT_OBJC_ISA_USAGE = YES_ERROR;
				CLANG_WARN_DOCUMENTATION_COMMENTS = YES;
				CLANG_WARN_EMPTY_BODY = YES;
				CLANG_WARN_ENUM_CONVERSION = YES;
				CLANG_WARN_INFINITE_RECURSION = YES;
				CLANG_WARN_INT_CONVERSION = YES;
				CLANG_WARN_NON_LITERAL_NULL_CONVERSION = YES;
				CLANG_WARN_OBJC_IMPLICIT_RETAIN_SELF = YES;
				CLANG_WARN_OBJC_LITERAL_CONVERSION = YES;
				CLANG_WARN_OBJC_ROOT_CLASS = YES_ERROR;
				CLANG_WARN_QUOTED_INCLUDE_IN_FRAMEWORK_HEADER = YES;
				CLANG_WARN_RANGE_LOOP_ANALYSIS = YES;
				CLANG_WARN_STRICT_PROTOTYPES = YES;
				CLANG_WARN_SUSPICIOUS_MOVE = YES;
				CLANG_WARN_UNGUARDED_AVAILABILITY = YES_AGGRESSIVE;
				CLANG_WARN_UNREACHABLE_CODE = YES;
				CLANG_WARN__DUPLICATE_METHOD_MATCH = YES;
				COPY_PHASE_STRIP = NO;
				DEBUG_INFORMATION_FORMAT = dwarf;
				ENABLE_STRICT_OBJC_MSGSEND = YES;
				ENABLE_TESTABILITY = YES;
				ENABLE_USER_SCRIPT_SANDBOXING = YES;
				GCC_C_LANGUAGE_STANDARD = gnu17;
				GCC_DYNAMIC_NO_PIC = NO;
				GCC_NO_COMMON_BLOCKS = YES;
				GCC_OPTIMIZATION_LEVEL = 0;
				GCC_PREPROCESSOR_DEFINITIONS = (
					"DEBUG=1",
					"$(inherited)",
				);
				GCC_WARN_64_TO_32_BIT_CONVERSION = YES;
				GCC_WARN_ABOUT_RETURN_TYPE = YES_ERROR;
				GCC_WARN_UNDECLARED_SELECTOR = YES;
				GCC_WARN_UNINITIALIZED_AUTOS = YES_AGGRESSIVE;
				GCC_WARN_UNUSED_FUNCTION = YES;
				GCC_WARN_UNUSED_VARIABLE = YES;
				IPHONEOS_DEPLOYMENT_TARGET = 17.0;
				LOCALIZATION_PREFERS_STRING_CATALOGS = YES;
				MTL_ENABLE_DEBUG_INFO = INCLUDE_SOURCE;
				MTL_FAST_MATH = YES;
				ONLY_ACTIVE_ARCH = YES;
				SDKROOT = iphoneos;
				SWIFT_ACTIVE_COMPILATION_CONDITIONS = "DEBUG $(inherited)";
				SWIFT_OPTIMIZATION_LEVEL = "-Onone";
			};
			name = Debug;
		};
		22DD3B472B6F8709004C6768 /* Release */ = {
			isa = XCBuildConfiguration;
			buildSettings = {
				ALWAYS_SEARCH_USER_PATHS = NO;
				ASSETCATALOG_COMPILER_GENERATE_SWIFT_ASSET_SYMBOL_EXTENSIONS = YES;
				CLANG_ANALYZER_NONNULL = YES;
				CLANG_ANALYZER_NUMBER_OBJECT_CONVERSION = YES_AGGRESSIVE;
				CLANG_CXX_LANGUAGE_STANDARD = "gnu++20";
				CLANG_ENABLE_MODULES = YES;
				CLANG_ENABLE_OBJC_ARC = YES;
				CLANG_ENABLE_OBJC_WEAK = YES;
				CLANG_WARN_BLOCK_CAPTURE_AUTORELEASING = YES;
				CLANG_WARN_BOOL_CONVERSION = YES;
				CLANG_WARN_COMMA = YES;
				CLANG_WARN_CONSTANT_CONVERSION = YES;
				CLANG_WARN_DEPRECATED_OBJC_IMPLEMENTATIONS = YES;
				CLANG_WARN_DIRECT_OBJC_ISA_USAGE = YES_ERROR;
				CLANG_WARN_DOCUMENTATION_COMMENTS = YES;
				CLANG_WARN_EMPTY_BODY = YES;
				CLANG_WARN_ENUM_CONVERSION = YES;
				CLANG_WARN_INFINITE_RECURSION = YES;
				CLANG_WARN_INT_CONVERSION = YES;
				CLANG_WARN_NON_LITERAL_NULL_CONVERSION = YES;
				CLANG_WARN_OBJC_IMPLICIT_RETAIN_SELF = YES;
				CLANG_WARN_OBJC_LITERAL_CONVERSION = YES;
				CLANG_WARN_OBJC_ROOT_CLASS = YES_ERROR;
				CLANG_WARN_QUOTED_INCLUDE_IN_FRAMEWORK_HEADER = YES;
				CLANG_WARN_RANGE_LOOP_ANALYSIS = YES;
				CLANG_WARN_STRICT_PROTOTYPES = YES;
				CLANG_WARN_SUSPICIOUS_MOVE = YES;
				CLANG_WARN_UNGUARDED_AVAILABILITY = YES_AGGRESSIVE;
				CLANG_WARN_UNREACHABLE_CODE = YES;
				CLANG_WARN__DUPLICATE_METHOD_MATCH = YES;
				COPY_PHASE_STRIP = NO;
				DEBUG_INFORMATION_FORMAT = "dwarf-with-dsym";
				ENABLE_NS_ASSERTIONS = NO;
				ENABLE_STRICT_OBJC_MSGSEND = YES;
				ENABLE_USER_SCRIPT_SANDBOXING = YES;
				GCC_C_LANGUAGE_STANDARD = gnu17;
				GCC_NO_COMMON_BLOCKS = YES;
				GCC_WARN_64_TO_32_BIT_CONVERSION = YES;
				GCC_WARN_ABOUT_RETURN_TYPE = YES_ERROR;
				GCC_WARN_UNDECLARED_SELECTOR = YES;
				GCC_WARN_UNINITIALIZED_AUTOS = YES_AGGRESSIVE;
				GCC_WARN_UNUSED_FUNCTION = YES;
				GCC_WARN_UNUSED_VARIABLE = YES;
				IPHONEOS_DEPLOYMENT_TARGET = 17.0;
				LOCALIZATION_PREFERS_STRING_CATALOGS = YES;
				MTL_ENABLE_DEBUG_INFO = NO;
				MTL_FAST_MATH = YES;
				SDKROOT = iphoneos;
				SWIFT_COMPILATION_MODE = wholemodule;
				VALIDATE_PRODUCT = YES;
			};
			name = Release;
		};
		22DD3B492B6F8709004C6768 /* Debug */ = {
			isa = XCBuildConfiguration;
			buildSettings = {
				ASSETCATALOG_COMPILER_APPICON_NAME = AppIcon;
				ASSETCATALOG_COMPILER_GLOBAL_ACCENT_COLOR_NAME = AccentColor;
				CODE_SIGN_STYLE = Automatic;
				CURRENT_PROJECT_VERSION = 1;
				DEVELOPMENT_TEAM = 64W8LUX2AB;
				GENERATE_INFOPLIST_FILE = YES;
				INFOPLIST_FILE = "ReactorKit-practice/Info.plist";
				INFOPLIST_KEY_UIApplicationSupportsIndirectInputEvents = YES;
				INFOPLIST_KEY_UILaunchStoryboardName = LaunchScreen;
				INFOPLIST_KEY_UIMainStoryboardFile = "";
				INFOPLIST_KEY_UISupportedInterfaceOrientations_iPad = "UIInterfaceOrientationPortrait UIInterfaceOrientationPortraitUpsideDown UIInterfaceOrientationLandscapeLeft UIInterfaceOrientationLandscapeRight";
				INFOPLIST_KEY_UISupportedInterfaceOrientations_iPhone = "UIInterfaceOrientationPortrait UIInterfaceOrientationLandscapeLeft UIInterfaceOrientationLandscapeRight";
				LD_RUNPATH_SEARCH_PATHS = (
					"$(inherited)",
					"@executable_path/Frameworks",
				);
				MARKETING_VERSION = 1.0;
				PRODUCT_BUNDLE_IDENTIFIER = "com.kyuchul.ReactorKit-practice";
				PRODUCT_NAME = "$(TARGET_NAME)";
				SWIFT_EMIT_LOC_STRINGS = YES;
				SWIFT_VERSION = 5.0;
				TARGETED_DEVICE_FAMILY = "1,2";
			};
			name = Debug;
		};
		22DD3B4A2B6F8709004C6768 /* Release */ = {
			isa = XCBuildConfiguration;
			buildSettings = {
				ASSETCATALOG_COMPILER_APPICON_NAME = AppIcon;
				ASSETCATALOG_COMPILER_GLOBAL_ACCENT_COLOR_NAME = AccentColor;
				CODE_SIGN_STYLE = Automatic;
				CURRENT_PROJECT_VERSION = 1;
				DEVELOPMENT_TEAM = 64W8LUX2AB;
				GENERATE_INFOPLIST_FILE = YES;
				INFOPLIST_FILE = "ReactorKit-practice/Info.plist";
				INFOPLIST_KEY_UIApplicationSupportsIndirectInputEvents = YES;
				INFOPLIST_KEY_UILaunchStoryboardName = LaunchScreen;
				INFOPLIST_KEY_UIMainStoryboardFile = "";
				INFOPLIST_KEY_UISupportedInterfaceOrientations_iPad = "UIInterfaceOrientationPortrait UIInterfaceOrientationPortraitUpsideDown UIInterfaceOrientationLandscapeLeft UIInterfaceOrientationLandscapeRight";
				INFOPLIST_KEY_UISupportedInterfaceOrientations_iPhone = "UIInterfaceOrientationPortrait UIInterfaceOrientationLandscapeLeft UIInterfaceOrientationLandscapeRight";
				LD_RUNPATH_SEARCH_PATHS = (
					"$(inherited)",
					"@executable_path/Frameworks",
				);
				MARKETING_VERSION = 1.0;
				PRODUCT_BUNDLE_IDENTIFIER = "com.kyuchul.ReactorKit-practice";
				PRODUCT_NAME = "$(TARGET_NAME)";
				SWIFT_EMIT_LOC_STRINGS = YES;
				SWIFT_VERSION = 5.0;
				TARGETED_DEVICE_FAMILY = "1,2";
			};
			name = Release;
		};
		22DD3B4C2B6F8709004C6768 /* Debug */ = {
			isa = XCBuildConfiguration;
			buildSettings = {
				ALWAYS_EMBED_SWIFT_STANDARD_LIBRARIES = YES;
				BUNDLE_LOADER = "$(TEST_HOST)";
				CODE_SIGN_STYLE = Automatic;
				CURRENT_PROJECT_VERSION = 1;
				DEVELOPMENT_TEAM = 64W8LUX2AB;
				GENERATE_INFOPLIST_FILE = YES;
				IPHONEOS_DEPLOYMENT_TARGET = 17.0;
				MARKETING_VERSION = 1.0;
				PRODUCT_BUNDLE_IDENTIFIER = "com.kyuchul.ReactorKit-practiceTests";
				PRODUCT_NAME = "$(TARGET_NAME)";
				SWIFT_EMIT_LOC_STRINGS = NO;
				SWIFT_VERSION = 5.0;
				TARGETED_DEVICE_FAMILY = "1,2";
				TEST_HOST = "$(BUILT_PRODUCTS_DIR)/ReactorKit-practice.app/$(BUNDLE_EXECUTABLE_FOLDER_PATH)/ReactorKit-practice";
			};
			name = Debug;
		};
		22DD3B4D2B6F8709004C6768 /* Release */ = {
			isa = XCBuildConfiguration;
			buildSettings = {
				ALWAYS_EMBED_SWIFT_STANDARD_LIBRARIES = YES;
				BUNDLE_LOADER = "$(TEST_HOST)";
				CODE_SIGN_STYLE = Automatic;
				CURRENT_PROJECT_VERSION = 1;
				DEVELOPMENT_TEAM = 64W8LUX2AB;
				GENERATE_INFOPLIST_FILE = YES;
				IPHONEOS_DEPLOYMENT_TARGET = 17.0;
				MARKETING_VERSION = 1.0;
				PRODUCT_BUNDLE_IDENTIFIER = "com.kyuchul.ReactorKit-practiceTests";
				PRODUCT_NAME = "$(TARGET_NAME)";
				SWIFT_EMIT_LOC_STRINGS = NO;
				SWIFT_VERSION = 5.0;
				TARGETED_DEVICE_FAMILY = "1,2";
				TEST_HOST = "$(BUILT_PRODUCTS_DIR)/ReactorKit-practice.app/$(BUNDLE_EXECUTABLE_FOLDER_PATH)/ReactorKit-practice";
			};
			name = Release;
		};
		22DD3B4F2B6F8709004C6768 /* Debug */ = {
			isa = XCBuildConfiguration;
			buildSettings = {
				ALWAYS_EMBED_SWIFT_STANDARD_LIBRARIES = YES;
				CODE_SIGN_STYLE = Automatic;
				CURRENT_PROJECT_VERSION = 1;
				DEVELOPMENT_TEAM = 64W8LUX2AB;
				GENERATE_INFOPLIST_FILE = YES;
				MARKETING_VERSION = 1.0;
				PRODUCT_BUNDLE_IDENTIFIER = "com.kyuchul.ReactorKit-practiceUITests";
				PRODUCT_NAME = "$(TARGET_NAME)";
				SWIFT_EMIT_LOC_STRINGS = NO;
				SWIFT_VERSION = 5.0;
				TARGETED_DEVICE_FAMILY = "1,2";
				TEST_TARGET_NAME = "ReactorKit-practice";
			};
			name = Debug;
		};
		22DD3B502B6F8709004C6768 /* Release */ = {
			isa = XCBuildConfiguration;
			buildSettings = {
				ALWAYS_EMBED_SWIFT_STANDARD_LIBRARIES = YES;
				CODE_SIGN_STYLE = Automatic;
				CURRENT_PROJECT_VERSION = 1;
				DEVELOPMENT_TEAM = 64W8LUX2AB;
				GENERATE_INFOPLIST_FILE = YES;
				MARKETING_VERSION = 1.0;
				PRODUCT_BUNDLE_IDENTIFIER = "com.kyuchul.ReactorKit-practiceUITests";
				PRODUCT_NAME = "$(TARGET_NAME)";
				SWIFT_EMIT_LOC_STRINGS = NO;
				SWIFT_VERSION = 5.0;
				TARGETED_DEVICE_FAMILY = "1,2";
				TEST_TARGET_NAME = "ReactorKit-practice";
			};
			name = Release;
		};
/* End XCBuildConfiguration section */

/* Begin XCConfigurationList section */
		22DD3B192B6F8708004C6768 /* Build configuration list for PBXProject "ReactorKit-practice" */ = {
			isa = XCConfigurationList;
			buildConfigurations = (
				22DD3B462B6F8709004C6768 /* Debug */,
				22DD3B472B6F8709004C6768 /* Release */,
			);
			defaultConfigurationIsVisible = 0;
			defaultConfigurationName = Release;
		};
		22DD3B482B6F8709004C6768 /* Build configuration list for PBXNativeTarget "ReactorKit-practice" */ = {
			isa = XCConfigurationList;
			buildConfigurations = (
				22DD3B492B6F8709004C6768 /* Debug */,
				22DD3B4A2B6F8709004C6768 /* Release */,
			);
			defaultConfigurationIsVisible = 0;
			defaultConfigurationName = Release;
		};
		22DD3B4B2B6F8709004C6768 /* Build configuration list for PBXNativeTarget "ReactorKit-practiceTests" */ = {
			isa = XCConfigurationList;
			buildConfigurations = (
				22DD3B4C2B6F8709004C6768 /* Debug */,
				22DD3B4D2B6F8709004C6768 /* Release */,
			);
			defaultConfigurationIsVisible = 0;
			defaultConfigurationName = Release;
		};
		22DD3B4E2B6F8709004C6768 /* Build configuration list for PBXNativeTarget "ReactorKit-practiceUITests" */ = {
			isa = XCConfigurationList;
			buildConfigurations = (
				22DD3B4F2B6F8709004C6768 /* Debug */,
				22DD3B502B6F8709004C6768 /* Release */,
			);
			defaultConfigurationIsVisible = 0;
			defaultConfigurationName = Release;
		};
/* End XCConfigurationList section */

/* Begin XCRemoteSwiftPackageReference section */
		220A5B452B9AD3530029D018 /* XCRemoteSwiftPackageReference "Swinject" */ = {
			isa = XCRemoteSwiftPackageReference;
			repositoryURL = "https://github.com/Swinject/Swinject";
			requirement = {
				kind = upToNextMajorVersion;
				minimumVersion = 2.8.4;
			};
		};
		22DD3B512B6F8879004C6768 /* XCRemoteSwiftPackageReference "ReactorKit" */ = {
			isa = XCRemoteSwiftPackageReference;
			repositoryURL = "https://github.com/ReactorKit/ReactorKit";
			requirement = {
				kind = upToNextMajorVersion;
				minimumVersion = 3.2.0;
			};
		};
		22DD3B562B6F8FE3004C6768 /* XCRemoteSwiftPackageReference "RxSwift" */ = {
			isa = XCRemoteSwiftPackageReference;
			repositoryURL = "https://github.com/ReactiveX/RxSwift.git";
			requirement = {
				kind = upToNextMajorVersion;
				minimumVersion = 6.6.0;
			};
		};
/* End XCRemoteSwiftPackageReference section */

/* Begin XCSwiftPackageProductDependency section */
		220A5B462B9AD3530029D018 /* Swinject */ = {
			isa = XCSwiftPackageProductDependency;
			package = 220A5B452B9AD3530029D018 /* XCRemoteSwiftPackageReference "Swinject" */;
			productName = Swinject;
		};
		22DD3B522B6F8879004C6768 /* ReactorKit */ = {
			isa = XCSwiftPackageProductDependency;
			package = 22DD3B512B6F8879004C6768 /* XCRemoteSwiftPackageReference "ReactorKit" */;
			productName = ReactorKit;
		};
		22DD3B572B6F8FE3004C6768 /* RxBlocking */ = {
			isa = XCSwiftPackageProductDependency;
			package = 22DD3B562B6F8FE3004C6768 /* XCRemoteSwiftPackageReference "RxSwift" */;
			productName = RxBlocking;
		};
		22DD3B592B6F8FE3004C6768 /* RxCocoa */ = {
			isa = XCSwiftPackageProductDependency;
			package = 22DD3B562B6F8FE3004C6768 /* XCRemoteSwiftPackageReference "RxSwift" */;
			productName = RxCocoa;
		};
		22DD3B5B2B6F8FE3004C6768 /* RxRelay */ = {
			isa = XCSwiftPackageProductDependency;
			package = 22DD3B562B6F8FE3004C6768 /* XCRemoteSwiftPackageReference "RxSwift" */;
			productName = RxRelay;
		};
		22DD3B5D2B6F8FE3004C6768 /* RxSwift */ = {
			isa = XCSwiftPackageProductDependency;
			package = 22DD3B562B6F8FE3004C6768 /* XCRemoteSwiftPackageReference "RxSwift" */;
			productName = RxSwift;
		};
/* End XCSwiftPackageProductDependency section */
	};
	rootObject = 22DD3B162B6F8708004C6768 /* Project object */;
}
